// !$*UTF8*$!
{
	archiveVersion = 1;
	classes = {
	};
	objectVersion = 46;
	objects = {

/* Begin PBXBuildFile section */
		DD86C1DD1DA57D1400C39D93 /* libcurl.4.dylib in Frameworks */ = {isa = PBXBuildFile; fileRef = DD86C1DC1DA57D1400C39D93 /* libcurl.4.dylib */; };
		DDC9A0331DA2CA18008E44D7 /* main.c in Sources */ = {isa = PBXBuildFile; fileRef = DDC9A0321DA2CA18008E44D7 /* main.c */; };
/* End PBXBuildFile section */

/* Begin PBXCopyFilesBuildPhase section */
		DDC9A02D1DA2CA18008E44D7 /* CopyFiles */ = {
			isa = PBXCopyFilesBuildPhase;
			buildActionMask = 2147483647;
			dstPath = /usr/share/man/man1/;
			dstSubfolderSpec = 0;
			files = (
			);
			runOnlyForDeploymentPostprocessing = 1;
		};
/* End PBXCopyFilesBuildPhase section */

/* Begin PBXFileReference section */
		DD86C1DC1DA57D1400C39D93 /* libcurl.4.dylib */ = {isa = PBXFileReference; lastKnownFileType = "compiled.mach-o.dylib"; path = libcurl.4.dylib; sourceTree = "<group>"; };
		DDC9A02F1DA2CA18008E44D7 /* rescalctest */ = {isa = PBXFileReference; explicitFileType = "compiled.mach-o.executable"; includeInIndex = 0; path = rescalctest; sourceTree = BUILT_PRODUCTS_DIR; };
		DDC9A0321DA2CA18008E44D7 /* main.c */ = {isa = PBXFileReference; lastKnownFileType = sourcecode.c.c; path = main.c; sourceTree = "<group>"; };
/* End PBXFileReference section */

/* Begin PBXFrameworksBuildPhase section */
		DDC9A02C1DA2CA18008E44D7 /* Frameworks */ = {
			isa = PBXFrameworksBuildPhase;
			buildActionMask = 2147483647;
			files = (
				DD86C1DD1DA57D1400C39D93 /* libcurl.4.dylib in Frameworks */,
			);
			runOnlyForDeploymentPostprocessing = 0;
		};
/* End PBXFrameworksBuildPhase section */

/* Begin PBXGroup section */
		DDC9A0261DA2CA18008E44D7 = {
			isa = PBXGroup;
			children = (
				DDC9A0311DA2CA18008E44D7 /* rescalctest */,
				DDC9A0301DA2CA18008E44D7 /* Products */,
				DD86C1DC1DA57D1400C39D93 /* libcurl.4.dylib */,
			);
			sourceTree = "<group>";
		};
		DDC9A0301DA2CA18008E44D7 /* Products */ = {
			isa = PBXGroup;
			children = (
				DDC9A02F1DA2CA18008E44D7 /* rescalctest */,
			);
			name = Products;
			sourceTree = "<group>";
		};
		DDC9A0311DA2CA18008E44D7 /* rescalctest */ = {
			isa = PBXGroup;
			children = (
				DDC9A0321DA2CA18008E44D7 /* main.c */,
			);
			path = rescalctest;
			sourceTree = "<group>";
		};
/* End PBXGroup section */

/* Begin PBXNativeTarget section */
		DDC9A02E1DA2CA18008E44D7 /* rescalctest */ = {
			isa = PBXNativeTarget;
			buildConfigurationList = DDC9A0361DA2CA18008E44D7 /* Build configuration list for PBXNativeTarget "rescalctest" */;
			buildPhases = (
				DDC9A02B1DA2CA18008E44D7 /* Sources */,
				DDC9A02C1DA2CA18008E44D7 /* Frameworks */,
				DDC9A02D1DA2CA18008E44D7 /* CopyFiles */,
			);
			buildRules = (
			);
			dependencies = (
			);
			name = rescalctest;
			productName = rescalctest;
			productReference = DDC9A02F1DA2CA18008E44D7 /* rescalctest */;
			productType = "com.apple.product-type.tool";
		};
/* End PBXNativeTarget section */

/* Begin PBXProject section */
		DDC9A0271DA2CA18008E44D7 /* Project object */ = {
			isa = PBXProject;
			attributes = {
				LastUpgradeCheck = 0800;
				ORGANIZATIONNAME = "Jonas Hüsser";
				TargetAttributes = {
					DDC9A02E1DA2CA18008E44D7 = {
						CreatedOnToolsVersion = 8.0;
						DevelopmentTeam = J2L32E7XZZ;
						ProvisioningStyle = Automatic;
					};
				};
			};
			buildConfigurationList = DDC9A02A1DA2CA18008E44D7 /* Build configuration list for PBXProject "rescalctest" */;
			compatibilityVersion = "Xcode 3.2";
			developmentRegion = English;
			hasScannedForEncodings = 0;
			knownRegions = (
				en,
			);
			mainGroup = DDC9A0261DA2CA18008E44D7;
			productRefGroup = DDC9A0301DA2CA18008E44D7 /* Products */;
			projectDirPath = "";
			projectRoot = "";
			targets = (
				DDC9A02E1DA2CA18008E44D7 /* rescalctest */,
			);
		};
/* End PBXProject section */

/* Begin PBXSourcesBuildPhase section */
		DDC9A02B1DA2CA18008E44D7 /* Sources */ = {
			isa = PBXSourcesBuildPhase;
			buildActionMask = 2147483647;
			files = (
				DDC9A0331DA2CA18008E44D7 /* main.c in Sources */,
			);
			runOnlyForDeploymentPostprocessing = 0;
		};
/* End PBXSourcesBuildPhase section */

/* Begin XCBuildConfiguration section */
		DDC9A0341DA2CA18008E44D7 /* Debug */ = {
			isa = XCBuildConfiguration;
			buildSettings = {
				ALWAYS_SEARCH_USER_PATHS = NO;
				CLANG_ANALYZER_NONNULL = YES;
				CLANG_CXX_LANGUAGE_STANDARD = "gnu++0x";
				CLANG_CXX_LIBRARY = "libc++";
				CLANG_ENABLE_MODULES = YES;
				CLANG_ENABLE_OBJC_ARC = YES;
				CLANG_WARN_BOOL_CONVERSION = YES;
				CLANG_WARN_CONSTANT_CONVERSION = YES;
				CLANG_WARN_DIRECT_OBJC_ISA_USAGE = YES_ERROR;
				CLANG_WARN_DOCUMENTATION_COMMENTS = YES;
				CLANG_WARN_EMPTY_BODY = YES;
				CLANG_WARN_ENUM_CONVERSION = YES;
				CLANG_WARN_INFINITE_RECURSION = YES;
				CLANG_WARN_INT_CONVERSION = YES;
				CLANG_WARN_OBJC_ROOT_CLASS = YES_ERROR;
				CLANG_WARN_SUSPICIOUS_MOVES = YES;
				CLANG_WARN_UNREACHABLE_CODE = YES;
				CLANG_WARN__DUPLICATE_METHOD_MATCH = YES;
				CODE_SIGN_IDENTITY = "-";
				COPY_PHASE_STRIP = NO;
				DEBUG_INFORMATION_FORMAT = dwarf;
				ENABLE_STRICT_OBJC_MSGSEND = YES;
				ENABLE_TESTABILITY = YES;
				GCC_C_LANGUAGE_STANDARD = gnu99;
				GCC_DYNAMIC_NO_PIC = NO;
				GCC_NO_COMMON_BLOCKS = YES;
				GCC_OPTIMIZATION_LEVEL = 0;
				GCC_PREPROCESSOR_DEFINITIONS = (
					"DEBUG=1",
					"$(inherited)",
				);
				GCC_WARN_64_TO_32_BIT_CONVERSION = YES;
				GCC_WARN_ABOUT_RETURN_TYPE = YES_ERROR;
				GCC_WARN_UNDECLARED_SELECTOR = YES;
				GCC_WARN_UNINITIALIZED_AUTOS = YES_AGGRESSIVE;
				GCC_WARN_UNUSED_FUNCTION = YES;
				GCC_WARN_UNUSED_VARIABLE = YES;
				MACOSX_DEPLOYMENT_TARGET = 10.11;
				MTL_ENABLE_DEBUG_INFO = YES;
				ONLY_ACTIVE_ARCH = YES;
				SDKROOT = macosx;
			};
			name = Debug;
		};
		DDC9A0351DA2CA18008E44D7 /* Release */ = {
			isa = XCBuildConfiguration;
			buildSettings = {
				ALWAYS_SEARCH_USER_PATHS = NO;
				CLANG_ANALYZER_NONNULL = YES;
				CLANG_CXX_LANGUAGE_STANDARD = "gnu++0x";
				CLANG_CXX_LIBRARY = "libc++";
				CLANG_ENABLE_MODULES = YES;
				CLANG_ENABLE_OBJC_ARC = YES;
				CLANG_WARN_BOOL_CONVERSION = YES;
				CLANG_WARN_CONSTANT_CONVERSION = YES;
				CLANG_WARN_DIRECT_OBJC_ISA_USAGE = YES_ERROR;
				CLANG_WARN_DOCUMENTATION_COMMENTS = YES;
				CLANG_WARN_EMPTY_BODY = YES;
				CLANG_WARN_ENUM_CONVERSION = YES;
				CLANG_WARN_INFINITE_RECURSION = YES;
				CLANG_WARN_INT_CONVERSION = YES;
				CLANG_WARN_OBJC_ROOT_CLASS = YES_ERROR;
				CLANG_WARN_SUSPICIOUS_MOVES = YES;
				CLANG_WARN_UNREACHABLE_CODE = YES;
				CLANG_WARN__DUPLICATE_METHOD_MATCH = YES;
				CODE_SIGN_IDENTITY = "-";
				COPY_PHASE_STRIP = NO;
				DEBUG_INFORMATION_FORMAT = "dwarf-with-dsym";
				ENABLE_NS_ASSERTIONS = NO;
				ENABLE_STRICT_OBJC_MSGSEND = YES;
				GCC_C_LANGUAGE_STANDARD = gnu99;
				GCC_NO_COMMON_BLOCKS = YES;
				GCC_WARN_64_TO_32_BIT_CONVERSION = YES;
				GCC_WARN_ABOUT_RETURN_TYPE = YES_ERROR;
				GCC_WARN_UNDECLARED_SELECTOR = YES;
				GCC_WARN_UNINITIALIZED_AUTOS = YES_AGGRESSIVE;
				GCC_WARN_UNUSED_FUNCTION = YES;
				GCC_WARN_UNUSED_VARIABLE = YES;
				MACOSX_DEPLOYMENT_TARGET = 10.11;
				MTL_ENABLE_DEBUG_INFO = NO;
				SDKROOT = macosx;
			};
			name = Release;
		};
		DDC9A0371DA2CA18008E44D7 /* Debug */ = {
			isa = XCBuildConfiguration;
			buildSettings = {
				DEVELOPMENT_TEAM = J2L32E7XZZ;
				LIBRARY_SEARCH_PATHS = (
					"$(inherited)",
					"$(PROJECT_DIR)",
				);
				PRODUCT_NAME = "$(TARGET_NAME)";
			};
			name = Debug;
		};
		DDC9A0381DA2CA18008E44D7 /* Release */ = {
			isa = XCBuildConfiguration;
			buildSettings = {
				DEVELOPMENT_TEAM = J2L32E7XZZ;
				LIBRARY_SEARCH_PATHS = (
					"$(inherited)",
					"$(PROJECT_DIR)",
				);
				PRODUCT_NAME = "$(TARGET_NAME)";
			};
			name = Release;
		};
/* End XCBuildConfiguration section */

/* Begin XCConfigurationList section */
		DDC9A02A1DA2CA18008E44D7 /* Build configuration list for PBXProject "rescalctest" */ = {
			isa = XCConfigurationList;
			buildConfigurations = (
				DDC9A0341DA2CA18008E44D7 /* Debug */,
				DDC9A0351DA2CA18008E44D7 /* Release */,
			);
			defaultConfigurationIsVisible = 0;
			defaultConfigurationName = Release;
		};
		DDC9A0361DA2CA18008E44D7 /* Build configuration list for PBXNativeTarget "rescalctest" */ = {
			isa = XCConfigurationList;
			buildConfigurations = (
				DDC9A0371DA2CA18008E44D7 /* Debug */,
				DDC9A0381DA2CA18008E44D7 /* Release */,
			);
			defaultConfigurationIsVisible = 0;
			defaultConfigurationName = Release;
		};
/* End XCConfigurationList section */
	};
	rootObject = DDC9A0271DA2CA18008E44D7 /* Project object */;
}
